{
    "hash": "76fafa5c720b52d8eef9344c40f957fa",
    "packages": [
        {
            "name": "adldap/adldap",
            "version": "4.x-dev",
            "source": {
                "type": "git",
                "url": "git://github.com/ztec/adLDAP.git",
                "reference": "3a23fc6efd7c4eea8fba9416ef873948d0cba7e6"
            },
            "dist": {
                "type": "zip",
                "url": "https://github.com/ztec/adLDAP/archive/3a23fc6efd7c4eea8fba9416ef873948d0cba7e6.zip",
                "reference": "3a23fc6efd7c4eea8fba9416ef873948d0cba7e6",
                "shasum": ""
            },
            "require": {
                "php": ">=5.2.4",
                "ext-ldap": "*"
            },
            "time": "2012-11-08 15:44:10",
            "type": "library",
            "installation-source": "source",
            "autoload": {
                "psr-0": {
                    "adLDAP": "lib/"
                }
            },
            "notification-url": "https://packagist.org/downloads/",
            "license": [
                "GNU"
            ],
            "authors": [
                {
                    "name": "Richard Hyland"
                }
            ],
            "description": "adLDAP, low-level library to query Active directory",
            "homepage": "http://adldap.sourceforge.net",
            "keywords": [
                "ldap",
                "windows",
                "active directory"
            ]
        }
    ],
    "packages-dev": null,
    "aliases": [

    ],
    "minimum-stability": "stable",
    "stability-flags": {
        "adldap/adldap": 20
    }
}
